
Microsoft Visual Studio Solution File, Format Version 12.00
# Visual Studio Version 16
VisualStudioVersion = 16.0.29102.190
MinimumVisualStudioVersion = 10.0.40219.1
Project("{FAE04EC0-301F-11D3-BF4B-00C04F79EFBC}") = "Delivery", "Delivery.csproj", "{727C7ED7-78AE-4041-B101-E369158875EF}"
EndProject
Project("{2150E333-8FDC-42A3-9474-1A3956D46DE8}") = "temps", "temps", "{473B123C-DF51-4CB8-9849-D64CE3531F71}"
EndProject
Project("{FAE04EC0-301F-11D3-BF4B-00C04F79EFBC}") = "Forms", "Forms\Forms.csproj", "{5A6DFA4D-43B7-4882-AE07-63706BA4032B}"
EndProject
Global
	GlobalSection(SolutionConfigurationPlatforms) = preSolution
		Debug|Any CPU = Debug|Any CPU
		Release|Any CPU = Release|Any CPU
	EndGlobalSection
	GlobalSection(ProjectConfigurationPlatforms) = postSolution
		{727C7ED7-78AE-4041-B101-E369158875EF}.Debug|Any CPU.ActiveCfg = Debug|Any CPU
		{727C7ED7-78AE-4041-B101-E369158875EF}.Debug|Any CPU.Build.0 = Debug|Any CPU
		{727C7ED7-78AE-4041-B101-E369158875EF}.Release|Any CPU.ActiveCfg = Release|Any CPU
		{727C7ED7-78AE-4041-B101-E369158875EF}.Release|Any CPU.Build.0 = Release|Any CPU
		{5A6DFA4D-43B7-4882-AE07-63706BA4032B}.Debug|Any CPU.ActiveCfg = Debug|Any CPU
		{5A6DFA4D-43B7-4882-AE07-63706BA4032B}.Debug|Any CPU.Build.0 = Debug|Any CPU
		{5A6DFA4D-43B7-4882-AE07-63706BA4032B}.Release|Any CPU.ActiveCfg = Release|Any CPU
		{5A6DFA4D-43B7-4882-AE07-63706BA4032B}.Release|Any CPU.Build.0 = Release|Any CPU
	EndGlobalSection
	GlobalSection(SolutionProperties) = preSolution
		HideSolutionNode = FALSE
	EndGlobalSection
	GlobalSection(ExtensibilityGlobals) = postSolution
		SolutionGuid = {975141C6-C8FE-4A87-982B-C70A07762F87}
	EndGlobalSection
EndGlobal
